
Microsoft Visual Studio Solution File, Format Version 12.00
# Visual Studio 14
VisualStudioVersion = 14.0.25420.1
MinimumVisualStudioVersion = 10.0.40219.1
Project("{FAE04EC0-301F-11D3-BF4B-00C04F79EFBC}") = "Wealthy.Model", "Source\Wealthy.Model\Wealthy.Model.csproj", "{80B619A5-8E2F-4BFC-AE84-D342783A6BA4}"
EndProject
Project("{FAE04EC0-301F-11D3-BF4B-00C04F79EFBC}") = "Wealthy.Data", "Wealthy.Data\Wealthy.Data.csproj", "{341A354C-857B-4AD7-9A0A-5F9DC8104756}"
EndProject
Global
	GlobalSection(SolutionConfigurationPlatforms) = preSolution
		Debug|Any CPU = Debug|Any CPU
		Release|Any CPU = Release|Any CPU
	EndGlobalSection
	GlobalSection(ProjectConfigurationPlatforms) = postSolution
		{80B619A5-8E2F-4BFC-AE84-D342783A6BA4}.Debug|Any CPU.ActiveCfg = Debug|Any CPU
		{80B619A5-8E2F-4BFC-AE84-D342783A6BA4}.Debug|Any CPU.Build.0 = Debug|Any CPU
		{80B619A5-8E2F-4BFC-AE84-D342783A6BA4}.Release|Any CPU.ActiveCfg = Release|Any CPU
		{80B619A5-8E2F-4BFC-AE84-D342783A6BA4}.Release|Any CPU.Build.0 = Release|Any CPU
		{341A354C-857B-4AD7-9A0A-5F9DC8104756}.Debug|Any CPU.ActiveCfg = Debug|Any CPU
		{341A354C-857B-4AD7-9A0A-5F9DC8104756}.Debug|Any CPU.Build.0 = Debug|Any CPU
		{341A354C-857B-4AD7-9A0A-5F9DC8104756}.Release|Any CPU.ActiveCfg = Release|Any CPU
		{341A354C-857B-4AD7-9A0A-5F9DC8104756}.Release|Any CPU.Build.0 = Release|Any CPU
	EndGlobalSection
	GlobalSection(SolutionProperties) = preSolution
		HideSolutionNode = FALSE
	EndGlobalSection
EndGlobal
